
Microsoft Visual Studio Solution File, Format Version 12.00
# Visual Studio 14
VisualStudioVersion = 14.0.22823.1
MinimumVisualStudioVersion = 10.0.40219.1
Project("{2150E333-8FDC-42A3-9474-1A3956D46DE8}") = "Solution Items", "Solution Items", "{AEBACBA2-CFF9-4C81-A7C1-D9B1A5F6A522}"
	ProjectSection(SolutionItems) = preProject
		.gitignore = .gitignore
		LICENSE = LICENSE
		README.md = README.md
	EndProjectSection
EndProject
Project("{FAE04EC0-301F-11D3-BF4B-00C04F79EFBC}") = "RelativeStrengthCalculator", "RelativeStrengthCalculator\RelativeStrengthCalculator.csproj", "{0966CAB9-C1BC-47D4-9172-5CC3DF18A49A}"
EndProject
Project("{FAE04EC0-301F-11D3-BF4B-00C04F79EFBC}") = "RelativeStrengthCalculator.Tests", "RelativeStrengthCalculator.Tests\RelativeStrengthCalculator.Tests.csproj", "{C4A4AC20-816D-449C-B87C-504BEA821B85}"
EndProject
Project("{FAE04EC0-301F-11D3-BF4B-00C04F79EFBC}") = "RelativeStrengthCalculator.Api", "RelativeStrengthCalculator.Api\RelativeStrengthCalculator.Api.csproj", "{3B350611-0CF0-47F4-9A1F-6737B29C14FC}"
EndProject
Project("{FAE04EC0-301F-11D3-BF4B-00C04F79EFBC}") = "RelativeStrengthCalculator.Api.Tests", "RelativeStrengthCalculator.Api.Tests\RelativeStrengthCalculator.Api.Tests.csproj", "{7ACB57EC-3F29-4383-9974-4017C3D9395A}"
EndProject
Project("{2150E333-8FDC-42A3-9474-1A3956D46DE8}") = "PublishScripts", "PublishScripts", "{44C571F0-E2BF-4253-8F57-87ECFDD1830B}"
	ProjectSection(SolutionItems) = preProject
		PublishScripts\AzureWebsitePublishModule.psm1 = PublishScripts\AzureWebsitePublishModule.psm1
		PublishScripts\Publish-WebApplicationWebsite.ps1 = PublishScripts\Publish-WebApplicationWebsite.ps1
	EndProjectSection
EndProject
Project("{2150E333-8FDC-42A3-9474-1A3956D46DE8}") = "Configurations", "Configurations", "{F01A7BFD-DE04-49CA-A0FD-BCBC82402743}"
	ProjectSection(SolutionItems) = preProject
		PublishScripts\Configurations\RelativeStrengthCalculatorApi-WAWS-dev.json = PublishScripts\Configurations\RelativeStrengthCalculatorApi-WAWS-dev.json
	EndProjectSection
EndProject
Global
	GlobalSection(SolutionConfigurationPlatforms) = preSolution
		Debug|Any CPU = Debug|Any CPU
		Release|Any CPU = Release|Any CPU
	EndGlobalSection
	GlobalSection(ProjectConfigurationPlatforms) = postSolution
		{0966CAB9-C1BC-47D4-9172-5CC3DF18A49A}.Debug|Any CPU.ActiveCfg = Debug|Any CPU
		{0966CAB9-C1BC-47D4-9172-5CC3DF18A49A}.Debug|Any CPU.Build.0 = Debug|Any CPU
		{0966CAB9-C1BC-47D4-9172-5CC3DF18A49A}.Release|Any CPU.ActiveCfg = Release|Any CPU
		{0966CAB9-C1BC-47D4-9172-5CC3DF18A49A}.Release|Any CPU.Build.0 = Release|Any CPU
		{C4A4AC20-816D-449C-B87C-504BEA821B85}.Debug|Any CPU.ActiveCfg = Debug|Any CPU
		{C4A4AC20-816D-449C-B87C-504BEA821B85}.Debug|Any CPU.Build.0 = Debug|Any CPU
		{C4A4AC20-816D-449C-B87C-504BEA821B85}.Release|Any CPU.ActiveCfg = Release|Any CPU
		{C4A4AC20-816D-449C-B87C-504BEA821B85}.Release|Any CPU.Build.0 = Release|Any CPU
		{3B350611-0CF0-47F4-9A1F-6737B29C14FC}.Debug|Any CPU.ActiveCfg = Debug|Any CPU
		{3B350611-0CF0-47F4-9A1F-6737B29C14FC}.Debug|Any CPU.Build.0 = Debug|Any CPU
		{3B350611-0CF0-47F4-9A1F-6737B29C14FC}.Release|Any CPU.ActiveCfg = Release|Any CPU
		{3B350611-0CF0-47F4-9A1F-6737B29C14FC}.Release|Any CPU.Build.0 = Release|Any CPU
		{7ACB57EC-3F29-4383-9974-4017C3D9395A}.Debug|Any CPU.ActiveCfg = Debug|Any CPU
		{7ACB57EC-3F29-4383-9974-4017C3D9395A}.Debug|Any CPU.Build.0 = Debug|Any CPU
		{7ACB57EC-3F29-4383-9974-4017C3D9395A}.Release|Any CPU.ActiveCfg = Release|Any CPU
		{7ACB57EC-3F29-4383-9974-4017C3D9395A}.Release|Any CPU.Build.0 = Release|Any CPU
	EndGlobalSection
	GlobalSection(SolutionProperties) = preSolution
		HideSolutionNode = FALSE
	EndGlobalSection
	GlobalSection(NestedProjects) = preSolution
		{F01A7BFD-DE04-49CA-A0FD-BCBC82402743} = {44C571F0-E2BF-4253-8F57-87ECFDD1830B}
	EndGlobalSection
EndGlobal
